
Microsoft Visual Studio Solution File, Format Version 12.00
# Visual Studio 15
VisualStudioVersion = 15.0.27703.2042
MinimumVisualStudioVersion = 10.0.40219.1
Project("{FAE04EC0-301F-11D3-BF4B-00C04F79EFBC}") = "HomeWork13_05_19", "HomeWork13_05_19\HomeWork13_05_19.csproj", "{BA85B932-AAC8-4A96-A1BF-51345F2F2F4E}"
EndProject
Global
	GlobalSection(SolutionConfigurationPlatforms) = preSolution
		Debug|Any CPU = Debug|Any CPU
		Release|Any CPU = Release|Any CPU
	EndGlobalSection
	GlobalSection(ProjectConfigurationPlatforms) = postSolution
		{BA85B932-AAC8-4A96-A1BF-51345F2F2F4E}.Debug|Any CPU.ActiveCfg = Debug|Any CPU
		{BA85B932-AAC8-4A96-A1BF-51345F2F2F4E}.Debug|Any CPU.Build.0 = Debug|Any CPU
		{BA85B932-AAC8-4A96-A1BF-51345F2F2F4E}.Release|Any CPU.ActiveCfg = Release|Any CPU
		{BA85B932-AAC8-4A96-A1BF-51345F2F2F4E}.Release|Any CPU.Build.0 = Release|Any CPU
	EndGlobalSection
	GlobalSection(SolutionProperties) = preSolution
		HideSolutionNode = FALSE
	EndGlobalSection
	GlobalSection(ExtensibilityGlobals) = postSolution
		SolutionGuid = {E0DA8F38-5150-4677-B103-BE86C46F06BD}
	EndGlobalSection
EndGlobal
